github.com/gorilla/websocket v1.4.2 h1:+/TMaTYc4QFitKJxsQ7Yye35DkWvkdLcvGKqM+x0Ufc=
github.com/gorilla/websocket v1.4.2/go.mod h1:YR8l580nyteQvAITg2hZ9XVh4b55+EU/adAjf1fMHhE=
github.com/name5566/leaf v0.0.0-20200516012428-8592b1abbbbe h1:JoFGzGJqV8VUSmN1Q8nJUMnWOvdQtHDS5grYRMv8hCo=
github.com/name5566/leaf v0.0.0-20200516012428-8592b1abbbbe/go.mod h1:JrOIxq3vDxvtuEI7Kmm2yqkuBfuT9DMLFMnCyYHLaKM=
